schema: '2.0'
stages:
  preprocess:
    cmd: python src/preprocess.py
    deps:
    - path: data/raw/data.csv
      hash: md5
      md5: c4a52b683260cef3e96db5da45ee4f5e
      size: 23840
    - path: src/preprocess.py
      hash: md5
      md5: dcf7c9972145e5b099d63cea61bca69b
      size: 504
    params:
      params.yaml:
        preprocess.input: data/raw/data.csv
        preprocess.output: data/processed/data.csv
    outs:
    - path: data/processed/data.csv
      hash: md5
      md5: 9c39adbc64510d60f49a4e2dce21576e
      size: 23258
  train:
    cmd: python src/train.py
    deps:
    - path: data/raw/data.csv
      hash: md5
      md5: c4a52b683260cef3e96db5da45ee4f5e
      size: 23840
    - path: src/train.py
      hash: md5
      md5: d0f324766fd929b797d16c1bee4bf5f0
      size: 3206
    params:
      params.yaml:
        train.data: data/processed/data.csv
        train.max_depth: 5
        train.model: models/model.pkl
        train.n_estimators: 100
        train.random_state: 12
    outs:
    - path: models/model.pkl
      hash: md5
      md5: 89ae9feb1dce3d2f13df2b0e88e4792e
      size: 2342792
  evaluate:
    cmd: python src/evaluate.py
    deps:
    - path: data/raw/data.csv
      hash: md5
      md5: c4a52b683260cef3e96db5da45ee4f5e
      size: 23840
    - path: models/model.pkl
      hash: md5
      md5: 89ae9feb1dce3d2f13df2b0e88e4792e
      size: 2342792
    - path: src/evaluate.py
      hash: md5
      md5: 726b75b8c856ce46cbc7af5c3de7be07
      size: 985
